{
  "name": "tinshell",
  "lockfileVersion": 3,
  "requires": true,
  "packages": {
    "": {
      "workspaces": [
        "apps/*"
      ],
      "devDependencies": {
        "@biomejs/biome": "2.5.11",
        "@types/node": "^22.0.0",
        "typebox": "^1.3.25",
        "typescript": "^6.0.0"
      }
    },
    "apps/annotate": {
      "name": "@apps/annotate",
      "version": "0.0.0"
    },
    "apps/clipboard": {
      "name": "@apps/clipboard",
      "version": "0.0.0"
    },
    "apps/dock": {
      "name": "@apps/dock",
      "version": "0.0.0"
    },
    "apps/files": {
      "name": "@apps/files",
      "version": "0.0.0"
    },
    "apps/greeter": {
      "name": "@apps/greeter",
      "version": "0.0.0"
    },
    "apps/keyboard": {
      "name": "@apps/keyboard",
      "version": "0.0.0"
    },
    "apps/launcher": {
      "name": "@apps/launcher",
      "version": "0.0.0"
    },
    "apps/media": {
      "name": "@apps/media",
      "version": "0.0.0"
    },
    "apps/notes": {
      "name": "@apps/notes",
      "version": "0.0.0"
    },
    "apps/notifications": {
      "name": "@apps/notifications",
      "version": "0.0.0"
    },
    "apps/polkit": {
      "name": "@apps/polkit",
      "version": "0.0.0"
    },
    "apps/portal": {
      "name": "@apps/portal",
      "version": "0.0.0"
    },
    "apps/promptd": {
      "name": "@apps/promptd",
      "version": "0.0.0"
    },
    "node_modules/@apps/annotate": {
      "resolved": "apps/annotate",
      "link": true
    },
    "node_modules/@apps/clipboard": {
      "resolved": "apps/clipboard",
      "link": true
    },
    "node_modules/@apps/dock": {
      "resolved": "apps/dock",
      "link": true
    },
    "node_modules/@apps/files": {
      "resolved": "apps/files",
      "link": true
    },
    "node_modules/@apps/greeter": {
      "resolved": "apps/greeter",
      "link": true
    },
    "node_modules/@apps/keyboard": {
      "resolved": "apps/keyboard",
      "link": true
    },
    "node_modules/@apps/launcher": {
      "resolved": "apps/launcher",
      "link": true
    },
    "node_modules/@apps/media": {
      "resolved": "apps/media",
      "link": true
    },
    "node_modules/@apps/notes": {
      "resolved": "apps/notes",
      "link": true
    },
    "node_modules/@apps/notifications": {
      "resolved": "apps/notifications",
      "link": true
    },
    "node_modules/@apps/polkit": {
      "resolved": "apps/polkit",
      "link": true
    },
    "node_modules/@apps/portal": {
      "resolved": "apps/portal",
      "link": true
    },
    "node_modules/@apps/promptd": {
      "resolved": "apps/promptd",
      "link": true
    },
    "node_modules/@biomejs/biome": {
      "version": "2.5.11",
      "resolved": "https://registry.npmjs.org/@biomejs/biome/-/biome-2.5.11.tgz",
      "integrity": "sha512-Tj0dnkLPdW0ASjHfj2D/ZkkvPU2wrFmnE1jWTD2xzV1ycapV1DutbYXk4NDnR3rYTi1ZCbNFD4G2gRMEY65WaA==",
      "dev": true,
      "license": "MIT OR Apache-2.0",
      "bin": {
        "biome": "bin/biome"
      },
      "engines": {
        "node": ">=14.21.3"
      },
      "funding": {
        "type": "opencollective",
        "url": "https://opencollective.com/biome"
      },
      "optionalDependencies": {
        "@biomejs/cli-darwin-arm64": "2.5.11",
        "@biomejs/cli-darwin-x64": "2.5.11",
        "@biomejs/cli-linux-arm64": "2.5.11",
        "@biomejs/cli-linux-arm64-musl": "2.5.11",
        "@biomejs/cli-linux-x64": "2.5.11",
        "@biomejs/cli-linux-x64-musl": "2.5.11",
        "@biomejs/cli-win32-arm64": "2.5.11",
        "@biomejs/cli-win32-x64": "2.5.11"
      }
    },
    "node_modules/@biomejs/cli-darwin-arm64": {
      "version": "2.5.11",
      "resolved": "https://registry.npmjs.org/@biomejs/cli-darwin-arm64/-/cli-darwin-arm64-2.5.11.tgz",
      "integrity": "sha512-6SGZxoKbXvUjMn1t6A98HqWISPnGNbYs0R/Rt2JarmXBSev+lva4QxUMWEBX9lX1Wo1XTJ78uk5xVDtG58SRZg==",
      "cpu": [
        "arm64"
      ],
      "dev": true,
      "license": "MIT OR Apache-2.0",
      "optional": true,
      "os": [
        "darwin"
      ],
      "engines": {
        "node": ">=14.21.3"
      }
    },
    "node_modules/@biomejs/cli-darwin-x64": {
      "version": "2.5.11",
      "resolved": "https://registry.npmjs.org/@biomejs/cli-darwin-x64/-/cli-darwin-x64-2.5.11.tgz",
      "integrity": "sha512-nYkXY7tLBEgnGbYapDKAyKzgt44ZEyG+AKalvTXtCWKYgepI9dw327q+cVgedxm+Udi1ZzHKUyZrIusHi/KQbw==",
      "cpu": [
        "x64"
      ],
      "dev": true,
      "license": "MIT OR Apache-2.0",
      "optional": true,
      "os": [
        "darwin"
      ],
      "engines": {
        "node": ">=14.21.3"
      }
    },
    "node_modules/@biomejs/cli-linux-arm64": {
      "version": "2.5.11",
      "resolved": "https://registry.npmjs.org/@biomejs/cli-linux-arm64/-/cli-linux-arm64-2.5.11.tgz",
      "integrity": "sha512-3PVLSTD9RR73rvVPt5G3T1gc+ycggWEGfTD7RvzzbtcDPD27NxgxBbAFfpm7DXJKW6VLHWE1lLMGvFt2Qxjcow==",
      "cpu": [
        "arm64"
      ],
      "dev": true,
      "libc": [
        "glibc"
      ],
      "license": "MIT OR Apache-2.0",
      "optional": true,
      "os": [
        "linux"
      ],
      "engines": {
        "node": ">=14.21.3"
      }
    },
    "node_modules/@biomejs/cli-linux-arm64-musl": {
      "version": "2.5.11",
      "resolved": "https://registry.npmjs.org/@biomejs/cli-linux-arm64-musl/-/cli-linux-arm64-musl-2.5.11.tgz",
      "integrity": "sha512-qhyZUMyCbWYFV2bAwRNVvfMVZ+hv7WYl6mossGrxC+uiQQXhvsuWWU8zz6jYX0mChZd9MgQZbm4vozTmG/5iGw==",
      "cpu": [
        "arm64"
      ],
      "dev": true,
      "libc": [
        "musl"
      ],
      "license": "MIT OR Apache-2.0",
      "optional": true,
      "os": [
        "linux"
      ],
      "engines": {
        "node": ">=14.21.3"
      }
    },
    "node_modules/@biomejs/cli-linux-x64": {
      "version": "2.5.11",
      "resolved": "https://registry.npmjs.org/@biomejs/cli-linux-x64/-/cli-linux-x64-2.5.11.tgz",
      "integrity": "sha512-JOytptlsgM33B2MMFUg8iBrb4IKpbD5JnJrSeYiaFEeAj4vuXx0iQSQZ4qK7sqyMtfjZxxPdNdMZZVL4y/mFyA==",
      "cpu": [
        "x64"
      ],
      "dev": true,
      "libc": [
        "glibc"
      ],
      "license": "MIT OR Apache-2.0",
      "optional": true,
      "os": [
        "linux"
      ],
      "engines": {
        "node": ">=14.21.3"
      }
    },
    "node_modules/@biomejs/cli-linux-x64-musl": {
      "version": "2.5.11",
      "resolved": "https://registry.npmjs.org/@biomejs/cli-linux-x64-musl/-/cli-linux-x64-musl-2.5.11.tgz",
      "integrity": "sha512-oRRlrchG5EfrEL/EmtT1qUjSNHk3/5LGeZhQqADBBAJF1b1ET6964xEKe7aGlGARzDfza8H/seEsFJl7S6Ql9w==",
      "cpu": [
        "x64"
      ],
      "dev": true,
      "libc": [
        "musl"
      ],
      "license": "MIT OR Apache-2.0",
      "optional": true,
      "os": [
        "linux"
      ],
      "engines": {
        "node": ">=14.21.3"
      }
    },
    "node_modules/@biomejs/cli-win32-arm64": {
      "version": "2.5.11",
      "resolved": "https://registry.npmjs.org/@biomejs/cli-win32-arm64/-/cli-win32-arm64-2.5.11.tgz",
      "integrity": "sha512-e49E6K9hzH/ohJNx8Y26mY8HaV4I4ZViIeoqhKsmoXLKHhQnMeBAVqCgsGf2Wa3lXlS7RkporDXMHHWkzvZzFw==",
      "cpu": [
        "arm64"
      ],
      "dev": true,
      "license": "MIT OR Apache-2.0",
      "optional": true,
      "os": [
        "win32"
      ],
      "engines": {
        "node": ">=14.21.3"
      }
    },
    "node_modules/@biomejs/cli-win32-x64": {
      "version": "2.5.11",
      "resolved": "https://registry.npmjs.org/@biomejs/cli-win32-x64/-/cli-win32-x64-2.5.11.tgz",
      "integrity": "sha512-QSQr/KjOgXA7OzXJUWS+oguKyAZ3Q0l/lnlDGbu397eKo83atuWUjBPJrsqbKNF6CARGw8XXJLGzpHC8Ryhd4Q==",
      "cpu": [
        "x64"
      ],
      "dev": true,
      "license": "MIT OR Apache-2.0",
      "optional": true,
      "os": [
        "win32"
      ],
      "engines": {
        "node": ">=14.21.3"
      }
    },
    "node_modules/@types/node": {
      "version": "22.20.4",
      "resolved": "https://registry.npmjs.org/@types/node/-/node-22.20.4.tgz",
      "integrity": "sha512-zJRE40jpHtKqE/C4fgHrAKQLJuSpzEnP9ff9Y7YtoR3Wd2pwqzlekDeEuUQXjRd+QCYnVnNwuJYmhdk9XV8gvA==",
      "dev": true,
      "license": "MIT",
      "dependencies": {
        "undici-types": "~6.21.0"
      }
    },
    "node_modules/typebox": {
      "version": "1.3.25",
      "resolved": "https://registry.npmjs.org/typebox/-/typebox-1.3.25.tgz",
      "integrity": "sha512-glTozrjba2L9Mqqy9Y9joPmrXGTW7aINuBPl8tdZJJIUIXprRWT1EU8riXUHhPOXSk4K3pDKL6OV5CkpoOKcbw==",
      "dev": true,
      "license": "MIT"
    },
    "node_modules/typescript": {
      "version": "6.0.3",
      "resolved": "https://registry.npmjs.org/typescript/-/typescript-6.0.3.tgz",
      "integrity": "sha512-y2TvuxSZPDyQakkFRPZHKFm+KKVqIisdg9/CZwm9ftvKXLP8NRWj38/ODjNbr43SsoXqNuAisEf1GdCxqWcdBw==",
      "dev": true,
      "license": "Apache-2.0",
      "bin": {
        "tsc": "bin/tsc",
        "tsserver": "bin/tsserver"
      },
      "engines": {
        "node": ">=14.17"
      }
    },
    "node_modules/undici-types": {
      "version": "6.21.0",
      "resolved": "https://registry.npmjs.org/undici-types/-/undici-types-6.21.0.tgz",
      "integrity": "sha512-iwDZqg0QAGrg9Rav5H4n0M64c3mkR59cJ6wQp+7C4nI0gsmExaedaYLNO44eT4AtBBwjbTiGPMlt2Md0T9H9JQ==",
      "dev": true,
      "license": "MIT"
    }
  }
}
